{
  "lockfileVersion": 1,
  "configVersion": 1,
  "workspaces": {
    "": {
      "name": "bloque-payments",
      "devDependencies": {
        "@biomejs/biome": "catalog:",
        "lefthook": "^2.0.12",
        "typescript": "catalog:",
      },
    },
    "packages/payments-sdk": {
      "name": "@bloque/payments-sdk",
      "version": "0.0.1",
      "devDependencies": {
        "@rslib/core": "^0.18.4",
        "@types/node": "^24.10.1",
        "@typescript/native-preview": "catalog:",
        "typescript": "catalog:",
      },
    },
  },
  "catalog": {
    "@biomejs/biome": "^2.3.9",
    "@typescript/native-preview": "latest",
    "typescript": "^5.9.3",
  },
  "packages": {
    "@ast-grep/napi": ["@ast-grep/napi@0.37.0", "", { "optionalDependencies": { "@ast-grep/napi-darwin-arm64": "0.37.0", "@ast-grep/napi-darwin-x64": "0.37.0", "@ast-grep/napi-linux-arm64-gnu": "0.37.0", "@ast-grep/napi-linux-arm64-musl": "0.37.0", "@ast-grep/napi-linux-x64-gnu": "0.37.0", "@ast-grep/napi-linux-x64-musl": "0.37.0", "@ast-grep/napi-win32-arm64-msvc": "0.37.0", "@ast-grep/napi-win32-ia32-msvc": "0.37.0", "@ast-grep/napi-win32-x64-msvc": "0.37.0" } }, "sha512-Hb4o6h1Pf6yRUAX07DR4JVY7dmQw+RVQMW5/m55GoiAT/VRoKCWBtIUPPOnqDVhbx1Cjfil9b6EDrgJsUAujEQ=="],

    "@ast-grep/napi-darwin-arm64": ["@ast-grep/napi-darwin-arm64@0.37.0", "", { "os": "darwin", "cpu": "arm64" }, "sha512-QAiIiaAbLvMEg/yBbyKn+p1gX2/FuaC0SMf7D7capm/oG4xGMzdeaQIcSosF4TCxxV+hIH4Bz9e4/u7w6Bnk3Q=="],

    "@ast-grep/napi-darwin-x64": ["@ast-grep/napi-darwin-x64@0.37.0", "", { "os": "darwin", "cpu": "x64" }, "sha512-zvcvdgekd4ySV3zUbUp8HF5nk5zqwiMXTuVzTUdl/w08O7JjM6XPOIVT+d2o/MqwM9rsXdzdergY5oY2RdhSPA=="],

    "@ast-grep/napi-linux-arm64-gnu": ["@ast-grep/napi-linux-arm64-gnu@0.37.0", "", { "os": "linux", "cpu": "arm64" }, "sha512-L7Sj0lXy8X+BqSMgr1LB8cCoWk0rericdeu+dC8/c8zpsav5Oo2IQKY1PmiZ7H8IHoFBbURLf8iklY9wsD+cyA=="],

    "@ast-grep/napi-linux-arm64-musl": ["@ast-grep/napi-linux-arm64-musl@0.37.0", "", { "os": "linux", "cpu": "arm64" }, "sha512-LF9sAvYy6es/OdyJDO3RwkX3I82Vkfsng1sqUBcoWC1jVb1wX5YVzHtpQox9JrEhGl+bNp7FYxB4Qba9OdA5GA=="],

    "@ast-grep/napi-linux-x64-gnu": ["@ast-grep/napi-linux-x64-gnu@0.37.0", "", { "os": "linux", "cpu": "x64" }, "sha512-TViz5/klqre6aSmJzswEIjApnGjJzstG/SE8VDWsrftMBMYt2PTu3MeluZVwzSqDao8doT/P+6U11dU05UOgxw=="],

    "@ast-grep/napi-linux-x64-musl": ["@ast-grep/napi-linux-x64-musl@0.37.0", "", { "os": "linux", "cpu": "x64" }, "sha512-/BcCH33S9E3ovOAEoxYngUNXgb+JLg991sdyiNP2bSoYd30a9RHrG7CYwW6fMgua3ijQ474eV6cq9yZO1bCpXg=="],

    "@ast-grep/napi-win32-arm64-msvc": ["@ast-grep/napi-win32-arm64-msvc@0.37.0", "", { "os": "win32", "cpu": "arm64" }, "sha512-TjQA4cFoIEW2bgjLkaL9yqT4XWuuLa5MCNd0VCDhGRDMNQ9+rhwi9eLOWRaap3xzT7g+nlbcEHL3AkVCD2+b3A=="],

    "@ast-grep/napi-win32-ia32-msvc": ["@ast-grep/napi-win32-ia32-msvc@0.37.0", "", { "os": "win32", "cpu": "ia32" }, "sha512-uNmVka8fJCdYsyOlF9aZqQMLTatEYBynjChVTzUfFMDfmZ0bihs/YTqJVbkSm8TZM7CUX82apvn50z/dX5iWRA=="],

    "@ast-grep/napi-win32-x64-msvc": ["@ast-grep/napi-win32-x64-msvc@0.37.0", "", { "os": "win32", "cpu": "x64" }, "sha512-vCiFOT3hSCQuHHfZ933GAwnPzmL0G04JxQEsBRfqONywyT8bSdDc/ECpAfr3S9VcS4JZ9/F6tkePKW/Om2Dq2g=="],

    "@biomejs/biome": ["@biomejs/biome@2.3.9", "", { "optionalDependencies": { "@biomejs/cli-darwin-arm64": "2.3.9", "@biomejs/cli-darwin-x64": "2.3.9", "@biomejs/cli-linux-arm64": "2.3.9", "@biomejs/cli-linux-arm64-musl": "2.3.9", "@biomejs/cli-linux-x64": "2.3.9", "@biomejs/cli-linux-x64-musl": "2.3.9", "@biomejs/cli-win32-arm64": "2.3.9", "@biomejs/cli-win32-x64": "2.3.9" }, "bin": { "biome": "bin/biome" } }, "sha512-js+34KpnY65I00k8P71RH0Uh2rJk4BrpxMGM5m2nBfM9XTlKE5N1URn5ydILPRyXXq4ebhKCjsvR+txS+D4z2A=="],

    "@biomejs/cli-darwin-arm64": ["@biomejs/cli-darwin-arm64@2.3.9", "", { "os": "darwin", "cpu": "arm64" }, "sha512-hHbYYnna/WBwem5iCpssQQLtm5ey8ADuDT8N2zqosk6LVWimlEuUnPy6Mbzgu4GWVriyL5ijWd+1zphX6ll4/A=="],

    "@biomejs/cli-darwin-x64": ["@biomejs/cli-darwin-x64@2.3.9", "", { "os": "darwin", "cpu": "x64" }, "sha512-sKMW5fpvGDmPdqCchtVH5MVlbVeSU3ad4CuKS45x8VHt3tNSC8CZ2QbxffAOKYK9v/mAeUiPC6Cx6+wtyU1q7g=="],

    "@biomejs/cli-linux-arm64": ["@biomejs/cli-linux-arm64@2.3.9", "", { "os": "linux", "cpu": "arm64" }, "sha512-BXBB6HbAgZI6T6QB8q6NSwIapVngqArP6K78BqkMerht7YjL6yWctqfeTnJm0qGF2bKBYFexslrbV+VTlM2E6g=="],

    "@biomejs/cli-linux-arm64-musl": ["@biomejs/cli-linux-arm64-musl@2.3.9", "", { "os": "linux", "cpu": "arm64" }, "sha512-JOHyG2nl8XDpncbMazm1uBSi1dPX9VbQDOjKcfSVXTqajD0PsgodMOKyuZ/PkBu5Lw877sWMTGKfEfpM7jE7Cw=="],

    "@biomejs/cli-linux-x64": ["@biomejs/cli-linux-x64@2.3.9", "", { "os": "linux", "cpu": "x64" }, "sha512-PjYuv2WLmvf0WtidxAkFjlElsn0P6qcvfPijrqu1j+3GoW3XSQh3ywGu7gZ25J25zrYj3KEovUjvUZB55ATrGw=="],

    "@biomejs/cli-linux-x64-musl": ["@biomejs/cli-linux-x64-musl@2.3.9", "", { "os": "linux", "cpu": "x64" }, "sha512-FUkb/5beCIC2trpqAbW9e095X4vamdlju80c1ExSmhfdrojLZnWkah/XfTSixKb/dQzbAjpD7vvs6rWkJ+P07Q=="],

    "@biomejs/cli-win32-arm64": ["@biomejs/cli-win32-arm64@2.3.9", "", { "os": "win32", "cpu": "arm64" }, "sha512-w48Yh/XbYHO2cBw8B5laK3vCAEKuocX5ItGXVDAqFE7Ze2wnR00/1vkY6GXglfRDOjWHu2XtxI0WKQ52x1qxEA=="],

    "@biomejs/cli-win32-x64": ["@biomejs/cli-win32-x64@2.3.9", "", { "os": "win32", "cpu": "x64" }, "sha512-90+J63VT7qImy9s3pkWL0ZX27VzVwMNCRzpLpe5yMzMYPbO1vcjL/w/Q5f/juAGMvP7a2Fd0H7IhAR6F7/i78A=="],

    "@bloque/payments-sdk": ["@bloque/payments-sdk@workspace:packages/payments-sdk"],

    "@emnapi/core": ["@emnapi/core@1.7.1", "", { "dependencies": { "@emnapi/wasi-threads": "1.1.0", "tslib": "^2.4.0" } }, "sha512-o1uhUASyo921r2XtHYOHy7gdkGLge8ghBEQHMWmyJFoXlpU58kIrhhN3w26lpQb6dspetweapMn2CSNwQ8I4wg=="],

    "@emnapi/runtime": ["@emnapi/runtime@1.7.1", "", { "dependencies": { "tslib": "^2.4.0" } }, "sha512-PVtJr5CmLwYAU9PZDMITZoR5iAOShYREoR45EyyLrbntV50mdePTgUn4AmOw90Ifcj+x2kRjdzr1HP3RrNiHGA=="],

    "@emnapi/wasi-threads": ["@emnapi/wasi-threads@1.1.0", "", { "dependencies": { "tslib": "^2.4.0" } }, "sha512-WI0DdZ8xFSbgMjR1sFsKABJ/C5OnRrjT06JXbZKexJGrDuPTzZdDYfFlsgcCXCyf+suG5QU2e/y1Wo2V/OapLQ=="],

    "@module-federation/error-codes": ["@module-federation/error-codes@0.21.6", "", {}, "sha512-MLJUCQ05KnoVl8xd6xs9a5g2/8U+eWmVxg7xiBMeR0+7OjdWUbHwcwgVFatRIwSZvFgKHfWEiI7wsU1q1XbTRQ=="],

    "@module-federation/runtime": ["@module-federation/runtime@0.21.6", "", { "dependencies": { "@module-federation/error-codes": "0.21.6", "@module-federation/runtime-core": "0.21.6", "@module-federation/sdk": "0.21.6" } }, "sha512-+caXwaQqwTNh+CQqyb4mZmXq7iEemRDrTZQGD+zyeH454JAYnJ3s/3oDFizdH6245pk+NiqDyOOkHzzFQorKhQ=="],

    "@module-federation/runtime-core": ["@module-federation/runtime-core@0.21.6", "", { "dependencies": { "@module-federation/error-codes": "0.21.6", "@module-federation/sdk": "0.21.6" } }, "sha512-5Hd1Y5qp5lU/aTiK66lidMlM/4ji2gr3EXAtJdreJzkY+bKcI5+21GRcliZ4RAkICmvdxQU5PHPL71XmNc7Lsw=="],

    "@module-federation/runtime-tools": ["@module-federation/runtime-tools@0.21.6", "", { "dependencies": { "@module-federation/runtime": "0.21.6", "@module-federation/webpack-bundler-runtime": "0.21.6" } }, "sha512-fnP+ZOZTFeBGiTAnxve+axGmiYn2D60h86nUISXjXClK3LUY1krUfPgf6MaD4YDJ4i51OGXZWPekeMe16pkd8Q=="],

    "@module-federation/sdk": ["@module-federation/sdk@0.21.6", "", {}, "sha512-x6hARETb8iqHVhEsQBysuWpznNZViUh84qV2yE7AD+g7uIzHKiYdoWqj10posbo5XKf/147qgWDzKZoKoEP2dw=="],

    "@module-federation/webpack-bundler-runtime": ["@module-federation/webpack-bundler-runtime@0.21.6", "", { "dependencies": { "@module-federation/runtime": "0.21.6", "@module-federation/sdk": "0.21.6" } }, "sha512-7zIp3LrcWbhGuFDTUMLJ2FJvcwjlddqhWGxi/MW3ur1a+HaO8v5tF2nl+vElKmbG1DFLU/52l3PElVcWf/YcsQ=="],

    "@napi-rs/wasm-runtime": ["@napi-rs/wasm-runtime@1.0.7", "", { "dependencies": { "@emnapi/core": "^1.5.0", "@emnapi/runtime": "^1.5.0", "@tybys/wasm-util": "^0.10.1" } }, "sha512-SeDnOO0Tk7Okiq6DbXmmBODgOAb9dp9gjlphokTUxmt8U3liIP1ZsozBahH69j/RJv+Rfs6IwUKHTgQYJ/HBAw=="],

    "@rsbuild/core": ["@rsbuild/core@1.6.14", "", { "dependencies": { "@rspack/core": "1.6.7", "@rspack/lite-tapable": "~1.1.0", "@swc/helpers": "^0.5.17", "core-js": "~3.47.0", "jiti": "^2.6.1" }, "bin": { "rsbuild": "bin/rsbuild.js" } }, "sha512-qgzOA8O/HI+NaGDPoIzYL0tK01krJW+8tbCteUVfbLJhKPL7YQZ44WnYNkvqyz3Kw6zklQsY6j9xcdtpVAf3uQ=="],

    "@rslib/core": ["@rslib/core@0.18.4", "", { "dependencies": { "@rsbuild/core": "~1.6.14", "rsbuild-plugin-dts": "0.18.4" }, "peerDependencies": { "@microsoft/api-extractor": "^7", "typescript": "^5" }, "optionalPeers": ["@microsoft/api-extractor", "typescript"], "bin": { "rslib": "bin/rslib.js" } }, "sha512-clS7XmsO5OTrg2bJ5ahpOPNEJx7Ew/3tZ1054VPrtRgE/RuVx3umsJUKbo2U5Yugh6E023vzqD3ry0kSJqgJ7A=="],

    "@rspack/binding": ["@rspack/binding@1.6.7", "", { "optionalDependencies": { "@rspack/binding-darwin-arm64": "1.6.7", "@rspack/binding-darwin-x64": "1.6.7", "@rspack/binding-linux-arm64-gnu": "1.6.7", "@rspack/binding-linux-arm64-musl": "1.6.7", "@rspack/binding-linux-x64-gnu": "1.6.7", "@rspack/binding-linux-x64-musl": "1.6.7", "@rspack/binding-wasm32-wasi": "1.6.7", "@rspack/binding-win32-arm64-msvc": "1.6.7", "@rspack/binding-win32-ia32-msvc": "1.6.7", "@rspack/binding-win32-x64-msvc": "1.6.7" } }, "sha512-7ICabuBN3gHc6PPN52+m1kruz3ogiJjg1C0gSWdLRk18m/4jlcM2aAy6wfXjgODJdB0Yh2ro/lIpBbj+AYWUGA=="],

    "@rspack/binding-darwin-arm64": ["@rspack/binding-darwin-arm64@1.6.7", "", { "os": "darwin", "cpu": "arm64" }, "sha512-QiIAP8JTAtht0j8/xZZEQTJRB9e+KrOm9c7JJm73CewVg55rDWRrwopiVfBNlTu1coem1ztUHJYdQhg2uXfqww=="],

    "@rspack/binding-darwin-x64": ["@rspack/binding-darwin-x64@1.6.7", "", { "os": "darwin", "cpu": "x64" }, "sha512-DpQRxxTXkMMNPmBXeJBaAB8HmWKxH2IfvHv7vU+kBhJ3xdPtXU4/xBv1W3biluoNRG11gc1WLIgjzeGgaLCxmw=="],

    "@rspack/binding-linux-arm64-gnu": ["@rspack/binding-linux-arm64-gnu@1.6.7", "", { "os": "linux", "cpu": "arm64" }, "sha512-211/XoBiooGGgUo/NxNpsrzGUXtH1d7g/4+UTtjYtfc8QHwu7ZMHcsqg0wss53fXzn/yyxd0DZ56vBHq52BiFw=="],

    "@rspack/binding-linux-arm64-musl": ["@rspack/binding-linux-arm64-musl@1.6.7", "", { "os": "linux", "cpu": "arm64" }, "sha512-0WnqAWz3WPDsXGvOOA++or7cHpoidVsH3FlqNaAfRu6ni6n7ig/s0/jKUB+C5FtXOgmGjAGkZHfFgNHsvZ0FWw=="],

    "@rspack/binding-linux-x64-gnu": ["@rspack/binding-linux-x64-gnu@1.6.7", "", { "os": "linux", "cpu": "x64" }, "sha512-iMrE0Q4IuYpkE0MjpaOVaUDYbQFiCRI9D3EPoXzlXJj4kJSdNheODpHTBVRlWt8Xp7UAoWuIFXCvKFKcSMm3aQ=="],

    "@rspack/binding-linux-x64-musl": ["@rspack/binding-linux-x64-musl@1.6.7", "", { "os": "linux", "cpu": "x64" }, "sha512-e7gKFxpdEQwYGk7lTC/hukTgNtaoAstBXehnZNk4k3kuU6+86WDrkn18Cd949iNqfIPtIG/wIsFNGbkHsH69hQ=="],

    "@rspack/binding-wasm32-wasi": ["@rspack/binding-wasm32-wasi@1.6.7", "", { "dependencies": { "@napi-rs/wasm-runtime": "1.0.7" }, "cpu": "none" }, "sha512-yx88EFdE9RP3hh7VhjjW6uc6wGU0KcpOcZp8T8E/a+X8L98fX0aVrtM1IDbndhmdluIMqGbfJNap2+QqOCY9Mw=="],

    "@rspack/binding-win32-arm64-msvc": ["@rspack/binding-win32-arm64-msvc@1.6.7", "", { "os": "win32", "cpu": "arm64" }, "sha512-vgxVYpFK8P5ulSXQQA+EbX78R/SUU+WIf0JIY+LoUoP89gZOsise/lKAJMAybzpeTJ1t0ndLchFznDYnzq+l4Q=="],

    "@rspack/binding-win32-ia32-msvc": ["@rspack/binding-win32-ia32-msvc@1.6.7", "", { "os": "win32", "cpu": "ia32" }, "sha512-bV5RTW0Va0UQKJm9HWLt7fWNBPaBBBxCJOA2pJT3nGGm6CCXKnZSyEiVbFUk4jI/uiwBfqenlLkzaGoMRbeDhA=="],

    "@rspack/binding-win32-x64-msvc": ["@rspack/binding-win32-x64-msvc@1.6.7", "", { "os": "win32", "cpu": "x64" }, "sha512-8xlbuJQtYktlBjZupOHlO8FeZqSIhsV3ih7xBSiOYar6LI6uQzA7XiO3I5kaPSDirBMMMKv1Z4rKCxWx10a3TQ=="],

    "@rspack/core": ["@rspack/core@1.6.7", "", { "dependencies": { "@module-federation/runtime-tools": "0.21.6", "@rspack/binding": "1.6.7", "@rspack/lite-tapable": "1.1.0" }, "peerDependencies": { "@swc/helpers": ">=0.5.1" }, "optionalPeers": ["@swc/helpers"] }, "sha512-tkd4nSzTf+pDa9OAE4INi/JEa93HNszjWy5C9+trf4ZCXLLHsHxHQFbzoreuz4Vv2PlCWajgvAdiPMV1vGIkuw=="],

    "@rspack/lite-tapable": ["@rspack/lite-tapable@1.1.0", "", {}, "sha512-E2B0JhYFmVAwdDiG14+DW0Di4Ze4Jg10Pc4/lILUrd5DRCaklduz2OvJ5HYQ6G+hd+WTzqQb3QnDNfK4yvAFYw=="],

    "@swc/helpers": ["@swc/helpers@0.5.17", "", { "dependencies": { "tslib": "^2.8.0" } }, "sha512-5IKx/Y13RsYd+sauPb2x+U/xZikHjolzfuDgTAl/Tdf3Q8rslRvC19NKDLgAJQ6wsqADk10ntlv08nPFw/gO/A=="],

    "@tybys/wasm-util": ["@tybys/wasm-util@0.10.1", "", { "dependencies": { "tslib": "^2.4.0" } }, "sha512-9tTaPJLSiejZKx+Bmog4uSubteqTvFrVrURwkmHixBo0G4seD0zUxp98E1DzUBJxLQ3NPwXrGKDiVjwx/DpPsg=="],

    "@types/node": ["@types/node@24.10.4", "", { "dependencies": { "undici-types": "~7.16.0" } }, "sha512-vnDVpYPMzs4wunl27jHrfmwojOGKya0xyM3sH+UE5iv5uPS6vX7UIoh6m+vQc5LGBq52HBKPIn/zcSZVzeDEZg=="],

    "@typescript/native-preview": ["@typescript/native-preview@7.0.0-dev.20251215.1", "", { "optionalDependencies": { "@typescript/native-preview-darwin-arm64": "7.0.0-dev.20251215.1", "@typescript/native-preview-darwin-x64": "7.0.0-dev.20251215.1", "@typescript/native-preview-linux-arm": "7.0.0-dev.20251215.1", "@typescript/native-preview-linux-arm64": "7.0.0-dev.20251215.1", "@typescript/native-preview-linux-x64": "7.0.0-dev.20251215.1", "@typescript/native-preview-win32-arm64": "7.0.0-dev.20251215.1", "@typescript/native-preview-win32-x64": "7.0.0-dev.20251215.1" }, "bin": { "tsgo": "bin/tsgo.js" } }, "sha512-l9hUMsS+EsiwSp/CXc3JSMVEwXnK/SCv6yTwFPGghDOwPk+BOvj0Y3ANrez2gsmB9vkotLwq5HAEfeDhkuAsqQ=="],

    "@typescript/native-preview-darwin-arm64": ["@typescript/native-preview-darwin-arm64@7.0.0-dev.20251215.1", "", { "os": "darwin", "cpu": "arm64" }, "sha512-+5/ricJkcUDHGOXx19DoAPoFqXtZ8/P0EUFF5PYebk3MEuh4xqkEMgW4YHpuiZvfJ7/C90kfLx4Wg3RYZJ+iMg=="],

    "@typescript/native-preview-darwin-x64": ["@typescript/native-preview-darwin-x64@7.0.0-dev.20251215.1", "", { "os": "darwin", "cpu": "x64" }, "sha512-wZ89zZjZ5rf/suQHeIhQyyt8IzyJI9YjxpBhPtNwrE2wJmyG6qadN31g2GFIf40SfCy9FgibFTgMQMFq9oRdtA=="],

    "@typescript/native-preview-linux-arm": ["@typescript/native-preview-linux-arm@7.0.0-dev.20251215.1", "", { "os": "linux", "cpu": "arm" }, "sha512-59gbNNUn9wRDSXbrweqQwkvLkLBhgF+dPmjIT7sX0NwTfWclYIqO5oXL0POXwF+8WoPLnHc0S0DhiXfSq0lAaw=="],

    "@typescript/native-preview-linux-arm64": ["@typescript/native-preview-linux-arm64@7.0.0-dev.20251215.1", "", { "os": "linux", "cpu": "arm64" }, "sha512-OXV3VZhoxdPDuK/lw/oIeTomRu68wUHFNpe8bm3zCb2XU8AHkTHpyER2u/j+Fv592FaR10UmQ2FIFfhgKF1C4Q=="],

    "@typescript/native-preview-linux-x64": ["@typescript/native-preview-linux-x64@7.0.0-dev.20251215.1", "", { "os": "linux", "cpu": "x64" }, "sha512-YE9+BnhxztvmduHhPryx+q052471Y4ZfsKjo2GuFy+1CNS2ZF03cojeW7gpsV1+52Ey6JvoayGQvwEMSWC8Zug=="],

    "@typescript/native-preview-win32-arm64": ["@typescript/native-preview-win32-arm64@7.0.0-dev.20251215.1", "", { "os": "win32", "cpu": "arm64" }, "sha512-spZW/Gq+uVbeMB2m+WsvU5ElCbvzwSmokEiSDcUhbY/0gICbVKQw0pChsZUibTjqYQmkyOXbx7CwnW9qOisZ7A=="],

    "@typescript/native-preview-win32-x64": ["@typescript/native-preview-win32-x64@7.0.0-dev.20251215.1", "", { "os": "win32", "cpu": "x64" }, "sha512-tvq8PbFmgy8C+oBw2UUbFbIndOuRfzf62S4ARDkmLxv7wvVysyv3Eai0wdv1xdJdPTLkaar7IOd1NqiN9Dw4kA=="],

    "core-js": ["core-js@3.47.0", "", {}, "sha512-c3Q2VVkGAUyupsjRnaNX6u8Dq2vAdzm9iuPj5FW0fRxzlxgq9Q39MDq10IvmQSpLgHQNyQzQmOo6bgGHmH3NNg=="],

    "jiti": ["jiti@2.6.1", "", { "bin": { "jiti": "lib/jiti-cli.mjs" } }, "sha512-ekilCSN1jwRvIbgeg/57YFh8qQDNbwDb9xT/qu2DAHbFFZUicIl4ygVaAvzveMhMVr3LnpSKTNnwt8PoOfmKhQ=="],

    "lefthook": ["lefthook@2.0.12", "", { "optionalDependencies": { "lefthook-darwin-arm64": "2.0.12", "lefthook-darwin-x64": "2.0.12", "lefthook-freebsd-arm64": "2.0.12", "lefthook-freebsd-x64": "2.0.12", "lefthook-linux-arm64": "2.0.12", "lefthook-linux-x64": "2.0.12", "lefthook-openbsd-arm64": "2.0.12", "lefthook-openbsd-x64": "2.0.12", "lefthook-windows-arm64": "2.0.12", "lefthook-windows-x64": "2.0.12" }, "bin": { "lefthook": "bin/index.js" } }, "sha512-I2FdA9cdnq1icwlNz4RADs7exuqe47q1N9+p2LmcP/WfchWh16mvTB82OAD7w7zK9GxblS9GpF7pASaOSl4c7A=="],

    "lefthook-darwin-arm64": ["lefthook-darwin-arm64@2.0.12", "", { "os": "darwin", "cpu": "arm64" }, "sha512-tuBz1sNLien+nKKb8BDopKjS6EnbXU8rQzhMVBY+bnVfsTiYDfbBr4wo/IzA5TcwoTL/b5somCJhljEw6DvSyg=="],

    "lefthook-darwin-x64": ["lefthook-darwin-x64@2.0.12", "", { "os": "darwin", "cpu": "x64" }, "sha512-FnuUMPPRMJyTEPXg6PotSrFJ8qf8FDLhhD1zLh74D+9Cye5j9n3lcrCQEjXubPT8du/GZLxMBjjffRbcZ8eYDA=="],

    "lefthook-freebsd-arm64": ["lefthook-freebsd-arm64@2.0.12", "", { "os": "freebsd", "cpu": "arm64" }, "sha512-DXElB0qR5e6a8cXkFNYakhwCieypbfh6Y4QG39pzMnLsG03g/nhe093o6owfiUZ4mUFyDM6+0xmy0steOooF2g=="],

    "lefthook-freebsd-x64": ["lefthook-freebsd-x64@2.0.12", "", { "os": "freebsd", "cpu": "x64" }, "sha512-iJN1ZxFeaDi4Fi3b9jcW9wgyNl19LOv2NaVOaAi/tG6mlIn196cmSdXkOA3+943ZbqbdfV9I+bBcIKwneXDA3Q=="],

    "lefthook-linux-arm64": ["lefthook-linux-arm64@2.0.12", "", { "os": "linux", "cpu": "arm64" }, "sha512-byvmO4Iri6P0COwM8c3lGgeCV3Q0hh1XJpRfrcZDr4Wslq9O63t6J3T6i87oOtY+UjC9pXLl6xGk6hlUcHZ3BQ=="],

    "lefthook-linux-x64": ["lefthook-linux-x64@2.0.12", "", { "os": "linux", "cpu": "x64" }, "sha512-KBaiinmf336rA+/dmYs7H7TTeAOByB0CyLA7k8IecTCuaiuKr6ez7ktSjht19poa5G+V0mts4GgEGcx6HViR0w=="],

    "lefthook-openbsd-arm64": ["lefthook-openbsd-arm64@2.0.12", "", { "os": "openbsd", "cpu": "arm64" }, "sha512-1QBMXX1UW5rtgC4TB52OKWB7Rz/kCBRB+bKKLT/gDD79aPzLgJANTitQQzgFNIWoa7aM9UvzvIAJzOo6FcFIbg=="],

    "lefthook-openbsd-x64": ["lefthook-openbsd-x64@2.0.12", "", { "os": "openbsd", "cpu": "x64" }, "sha512-zPcvUzs65GexRA37UHmaZqWuEGSU/zpBaPIY98MybXzzcJfCIf+O0oUQe2riMllwYGvNW0B1y3NOYRziDNe/vA=="],

    "lefthook-windows-arm64": ["lefthook-windows-arm64@2.0.12", "", { "os": "win32", "cpu": "arm64" }, "sha512-kgwxguS2GssoHM4SMTp+ArD/Gjg9q5MinD6iI5vSFpuJygD13ZWiXQQfESMHq9y/v1XkD0BdHTJej49dx8P+Vw=="],

    "lefthook-windows-x64": ["lefthook-windows-x64@2.0.12", "", { "os": "win32", "cpu": "x64" }, "sha512-Tf/VtSOtF3rBTc9dzRWROa+HuhqaiIV+Xp+1gzlx5+uCueLM0m87Rz6yd4IN5mL7TrDaNkiRXI3FvjCp0dUE4Q=="],

    "rsbuild-plugin-dts": ["rsbuild-plugin-dts@0.18.4", "", { "dependencies": { "@ast-grep/napi": "0.37.0" }, "peerDependencies": { "@microsoft/api-extractor": "^7", "@rsbuild/core": "1.x", "@typescript/native-preview": "7.x", "typescript": "^5" }, "optionalPeers": ["@microsoft/api-extractor", "@typescript/native-preview", "typescript"] }, "sha512-ZVG3WS0VLXQD6oWDZKN2AEKbOVblFTHpYk0cisS/DpOhIODFxSxpnlYIWvc+8qOcrKOuToVqsGvK8VfJ4n+UqQ=="],

    "tslib": ["tslib@2.8.1", "", {}, "sha512-oJFu94HQb+KVduSUQL7wnpmqnfmLsOA/nAh6b6EH0wCEoK0/mPeXU6c3wKDV83MkOuHPRHtSXKKU99IBazS/2w=="],

    "typescript": ["typescript@5.9.3", "", { "bin": { "tsc": "bin/tsc", "tsserver": "bin/tsserver" } }, "sha512-jl1vZzPDinLr9eUt3J/t7V6FgNEw9QjvBPdysz9KfQDD41fQrC2Y4vKQdiaUpFT4bXlb1RHhLpp8wtm6M5TgSw=="],

    "undici-types": ["undici-types@7.16.0", "", {}, "sha512-Zz+aZWSj8LE6zoxD+xrjh4VfkIG8Ya6LvYkZqtUQGJPZjYl53ypCaUwWqo7eI0x66KBGeRo+mlBEkMSeSZ38Nw=="],
  }
}
